{
  "nodes": {
    "home-manager": {
      "inputs": {
        "nixpkgs": [
          "nixpkgs"
        ]
      },
      "locked": {
        "lastModified": 1735947440,
        "narHash": "sha256-jnEcfmOhWntmVEcqlvs+j532+mvmgsKtQSSfukgkn+A=",
        "owner": "nix-community",
        "repo": "home-manager",
        "rev": "a9987622b7b93c82e147f198574e8e6ffbf5e327",
        "type": "github"
      },
      "original": {
        "owner": "nix-community",
        "repo": "home-manager",
        "type": "github"
      }
    },
    "nixpkgs": {
      "locked": {
        "lastModified": 1735834308,
        "narHash": "sha256-dklw3AXr3OGO4/XT1Tu3Xz9n/we8GctZZ75ZWVqAVhk=",
        "owner": "nixos",
        "repo": "nixpkgs",
        "rev": "6df24922a1400241dae323af55f30e4318a6ca65",
        "type": "github"
      },
      "original": {
        "owner": "nixos",
        "ref": "nixos-unstable",
        "repo": "nixpkgs",
        "type": "github"
      }
    },
    "oxide": {
      "inputs": {
        "nixpkgs": [
          "nixpkgs"
        ],
        "oxide-src": "oxide-src"
      },
      "locked": {
        "lastModified": 1735947424,
        "narHash": "sha256-Q5BXHZCAWg5N57bNJJIfH9yGPhdKl2mD4rtJ2FCjqmQ=",
        "path": "/home/dexter/Personal/Programming/Nix/oxide",
        "type": "path"
      },
      "original": {
        "path": "/home/dexter/Personal/Programming/Nix/oxide",
        "type": "path"
      }
    },
    "oxide-src": {
      "locked": {
        "lastModified": 1735946553,
        "narHash": "sha256-UbjCcOEm5OY3jleSpdsS6m/yD5ynrt9BmszPpWnysCY=",
        "owner": "AnodeDev",
        "repo": "oxide",
        "rev": "422aa62c808b6566069664558723afc39f41136a",
        "type": "github"
      },
      "original": {
        "owner": "AnodeDev",
        "repo": "oxide",
        "type": "github"
      }
    },
    "root": {
      "inputs": {
        "home-manager": "home-manager",
        "nixpkgs": "nixpkgs",
        "oxide": "oxide",
        "rust-overlay": "rust-overlay"
      }
    },
    "rust-overlay": {
      "inputs": {
        "nixpkgs": [
          "nixpkgs"
        ]
      },
      "locked": {
        "lastModified": 1735871325,
        "narHash": "sha256-6Ta5E4mhSfCP6LdkzkG2+BciLOCPeLKuYTJ6lOHW+mI=",
        "owner": "oxalica",
        "repo": "rust-overlay",
        "rev": "a599f011db521766cbaf7c2f5874182485554f00",
        "type": "github"
      },
      "original": {
        "owner": "oxalica",
        "repo": "rust-overlay",
        "type": "github"
      }
    }
  },
  "root": "root",
  "version": 7
}
